// !$*UTF8*$!
{
	archiveVersion = 1;
	classes = {
	};
	objectVersion = 51;
	objects = {

/* Begin PBXBuildFile section */
		8C409EDC1308D5BC1D5F7E37 /* Pods_Splash.framework in Frameworks */ = {isa = PBXBuildFile; fileRef = 5442F996A439263F371545E6 /* Pods_Splash.framework */; };
		F4A76BD222A23A70009E38DE /* AppDelegate.swift in Sources */ = {isa = PBXBuildFile; fileRef = F4A76BD122A23A70009E38DE /* AppDelegate.swift */; };
		F4A76BD422A23A70009E38DE /* SplashViewController.swift in Sources */ = {isa = PBXBuildFile; fileRef = F4A76BD322A23A70009E38DE /* SplashViewController.swift */; };
		F4A76BD722A23A70009E38DE /* Main.storyboard in Resources */ = {isa = PBXBuildFile; fileRef = F4A76BD522A23A70009E38DE /* Main.storyboard */; };
		F4A76BD922A23A73009E38DE /* Assets.xcassets in Resources */ = {isa = PBXBuildFile; fileRef = F4A76BD822A23A73009E38DE /* Assets.xcassets */; };
		F4A76BDC22A23A73009E38DE /* LaunchScreen.storyboard in Resources */ = {isa = PBXBuildFile; fileRef = F4A76BDA22A23A73009E38DE /* LaunchScreen.storyboard */; };
		F4A76BEB22A24087009E38DE /* BaseConfigurator.swift in Sources */ = {isa = PBXBuildFile; fileRef = F4A76BE722A24087009E38DE /* BaseConfigurator.swift */; };
		F4A76BEC22A24087009E38DE /* BaseView.swift in Sources */ = {isa = PBXBuildFile; fileRef = F4A76BE822A24087009E38DE /* BaseView.swift */; };
		F4A76BED22A24087009E38DE /* BasePresenter.swift in Sources */ = {isa = PBXBuildFile; fileRef = F4A76BE922A24087009E38DE /* BasePresenter.swift */; };
		F4A76BEE22A24087009E38DE /* BaseRouter.swift in Sources */ = {isa = PBXBuildFile; fileRef = F4A76BEA22A24087009E38DE /* BaseRouter.swift */; };
		F4A76BF022A24240009E38DE /* Constants.swift in Sources */ = {isa = PBXBuildFile; fileRef = F4A76BEF22A24240009E38DE /* Constants.swift */; };
		F4A76BF322A242AA009E38DE /* SplashPresenter.swift in Sources */ = {isa = PBXBuildFile; fileRef = F4A76BF222A242AA009E38DE /* SplashPresenter.swift */; };
		F4A76BF522A24394009E38DE /* SplashRouter.swift in Sources */ = {isa = PBXBuildFile; fileRef = F4A76BF422A24394009E38DE /* SplashRouter.swift */; };
		F4A76BF722A246F5009E38DE /* UIIdentifier.swift in Sources */ = {isa = PBXBuildFile; fileRef = F4A76BF622A246F5009E38DE /* UIIdentifier.swift */; };
		F4A76BFA22A24A59009E38DE /* UIViewController.swift in Sources */ = {isa = PBXBuildFile; fileRef = F4A76BF922A24A59009E38DE /* UIViewController.swift */; };
		F4A76BFE22A24E98009E38DE /* PhotoCollectionRouter.swift in Sources */ = {isa = PBXBuildFile; fileRef = F4A76BFD22A24E98009E38DE /* PhotoCollectionRouter.swift */; };
		F4A76C0022A24EAE009E38DE /* PhotoCollectionPresenter.swift in Sources */ = {isa = PBXBuildFile; fileRef = F4A76BFF22A24EAE009E38DE /* PhotoCollectionPresenter.swift */; };
		F4A76C0222A24ECA009E38DE /* PhotoCollectionViewController.swift in Sources */ = {isa = PBXBuildFile; fileRef = F4A76C0122A24ECA009E38DE /* PhotoCollectionViewController.swift */; };
		F4A76C0522A251C8009E38DE /* DetailPhotoViewController.swift in Sources */ = {isa = PBXBuildFile; fileRef = F4A76C0422A251C8009E38DE /* DetailPhotoViewController.swift */; };
		F4A76C0722A251DA009E38DE /* DetailPhotoPresenter.swift in Sources */ = {isa = PBXBuildFile; fileRef = F4A76C0622A251DA009E38DE /* DetailPhotoPresenter.swift */; };
		F4A76C0922A251EE009E38DE /* DetailPhotoRouter.swift in Sources */ = {isa = PBXBuildFile; fileRef = F4A76C0822A251EE009E38DE /* DetailPhotoRouter.swift */; };
		F4A76C0C22A2549F009E38DE /* KeyChainHelper.swift in Sources */ = {isa = PBXBuildFile; fileRef = F4A76C0B22A2549F009E38DE /* KeyChainHelper.swift */; };
		F4A76C0F22A25730009E38DE /* NetworkService.swift in Sources */ = {isa = PBXBuildFile; fileRef = F4A76C0E22A25730009E38DE /* NetworkService.swift */; };
		F4A76C1122A26236009E38DE /* Error.swift in Sources */ = {isa = PBXBuildFile; fileRef = F4A76C1022A26236009E38DE /* Error.swift */; };
		F4A76C1522A26937009E38DE /* Endpoint.swift in Sources */ = {isa = PBXBuildFile; fileRef = F4A76C1422A26937009E38DE /* Endpoint.swift */; };
		F4A76C1A22A27A75009E38DE /* Photo.swift in Sources */ = {isa = PBXBuildFile; fileRef = F4A76C1922A27A75009E38DE /* Photo.swift */; };
		F4A76C1C22A27AF7009E38DE /* URLS.swift in Sources */ = {isa = PBXBuildFile; fileRef = F4A76C1B22A27AF7009E38DE /* URLS.swift */; };
		F4A76C1E22A27B33009E38DE /* SearchObjc.swift in Sources */ = {isa = PBXBuildFile; fileRef = F4A76C1D22A27B33009E38DE /* SearchObjc.swift */; };
		F4A76C2022A27B69009E38DE /* UnsplashApiService.swift in Sources */ = {isa = PBXBuildFile; fileRef = F4A76C1F22A27B69009E38DE /* UnsplashApiService.swift */; };
		F4A76C2222A27ED6009E38DE /* PhotoCollectionConfigurator.swift in Sources */ = {isa = PBXBuildFile; fileRef = F4A76C2122A27ED6009E38DE /* PhotoCollectionConfigurator.swift */; };
		F4A76C2822A2842F009E38DE /* CollectionViewCell.swift in Sources */ = {isa = PBXBuildFile; fileRef = F4A76C2622A2842F009E38DE /* CollectionViewCell.swift */; };
		F4A76C2922A2842F009E38DE /* CollectionViewCell.xib in Resources */ = {isa = PBXBuildFile; fileRef = F4A76C2722A2842F009E38DE /* CollectionViewCell.xib */; };
		F4A76C2C22A284AF009E38DE /* BWPImageView.swift in Sources */ = {isa = PBXBuildFile; fileRef = F4A76C2A22A284AF009E38DE /* BWPImageView.swift */; };
		F4A76C2D22A284AF009E38DE /* BWPImageCacheItem.swift in Sources */ = {isa = PBXBuildFile; fileRef = F4A76C2B22A284AF009E38DE /* BWPImageCacheItem.swift */; };
		F4A76C2F22A289AB009E38DE /* UIView.swift in Sources */ = {isa = PBXBuildFile; fileRef = F4A76C2E22A289AB009E38DE /* UIView.swift */; };
/* End PBXBuildFile section */

/* Begin PBXFileReference section */
		3AA1448C299A4A7443FE154E /* Pods-Splash.release.xcconfig */ = {isa = PBXFileReference; includeInIndex = 1; lastKnownFileType = text.xcconfig; name = "Pods-Splash.release.xcconfig"; path = "Target Support Files/Pods-Splash/Pods-Splash.release.xcconfig"; sourceTree = "<group>"; };
		5442F996A439263F371545E6 /* Pods_Splash.framework */ = {isa = PBXFileReference; explicitFileType = wrapper.framework; includeInIndex = 0; path = Pods_Splash.framework; sourceTree = BUILT_PRODUCTS_DIR; };
		5F20B48FC6DC922645900EB4 /* Pods-Splash.debug.xcconfig */ = {isa = PBXFileReference; includeInIndex = 1; lastKnownFileType = text.xcconfig; name = "Pods-Splash.debug.xcconfig"; path = "Target Support Files/Pods-Splash/Pods-Splash.debug.xcconfig"; sourceTree = "<group>"; };
		F4A76BCE22A23A70009E38DE /* Splash.app */ = {isa = PBXFileReference; explicitFileType = wrapper.application; includeInIndex = 0; path = Splash.app; sourceTree = BUILT_PRODUCTS_DIR; };
		F4A76BD122A23A70009E38DE /* AppDelegate.swift */ = {isa = PBXFileReference; lastKnownFileType = sourcecode.swift; path = AppDelegate.swift; sourceTree = "<group>"; };
		F4A76BD322A23A70009E38DE /* SplashViewController.swift */ = {isa = PBXFileReference; lastKnownFileType = sourcecode.swift; path = SplashViewController.swift; sourceTree = "<group>"; };
		F4A76BD622A23A70009E38DE /* Base */ = {isa = PBXFileReference; lastKnownFileType = file.storyboard; name = Base; path = Base.lproj/Main.storyboard; sourceTree = "<group>"; };
		F4A76BD822A23A73009E38DE /* Assets.xcassets */ = {isa = PBXFileReference; lastKnownFileType = folder.assetcatalog; path = Assets.xcassets; sourceTree = "<group>"; };
		F4A76BDB22A23A73009E38DE /* Base */ = {isa = PBXFileReference; lastKnownFileType = file.storyboard; name = Base; path = Base.lproj/LaunchScreen.storyboard; sourceTree = "<group>"; };
		F4A76BDD22A23A73009E38DE /* Info.plist */ = {isa = PBXFileReference; lastKnownFileType = text.plist.xml; path = Info.plist; sourceTree = "<group>"; };
		F4A76BE722A24087009E38DE /* BaseConfigurator.swift */ = {isa = PBXFileReference; fileEncoding = 4; lastKnownFileType = sourcecode.swift; path = BaseConfigurator.swift; sourceTree = "<group>"; };
		F4A76BE822A24087009E38DE /* BaseView.swift */ = {isa = PBXFileReference; fileEncoding = 4; lastKnownFileType = sourcecode.swift; path = BaseView.swift; sourceTree = "<group>"; };
		F4A76BE922A24087009E38DE /* BasePresenter.swift */ = {isa = PBXFileReference; fileEncoding = 4; lastKnownFileType = sourcecode.swift; path = BasePresenter.swift; sourceTree = "<group>"; };
		F4A76BEA22A24087009E38DE /* BaseRouter.swift */ = {isa = PBXFileReference; fileEncoding = 4; lastKnownFileType = sourcecode.swift; path = BaseRouter.swift; sourceTree = "<group>"; };
		F4A76BEF22A24240009E38DE /* Constants.swift */ = {isa = PBXFileReference; lastKnownFileType = sourcecode.swift; path = Constants.swift; sourceTree = "<group>"; };
		F4A76BF222A242AA009E38DE /* SplashPresenter.swift */ = {isa = PBXFileReference; lastKnownFileType = sourcecode.swift; path = SplashPresenter.swift; sourceTree = "<group>"; };
		F4A76BF422A24394009E38DE /* SplashRouter.swift */ = {isa = PBXFileReference; lastKnownFileType = sourcecode.swift; path = SplashRouter.swift; sourceTree = "<group>"; };
		F4A76BF622A246F5009E38DE /* UIIdentifier.swift */ = {isa = PBXFileReference; lastKnownFileType = sourcecode.swift; path = UIIdentifier.swift; sourceTree = "<group>"; };
		F4A76BF922A24A59009E38DE /* UIViewController.swift */ = {isa = PBXFileReference; lastKnownFileType = sourcecode.swift; path = UIViewController.swift; sourceTree = "<group>"; };
		F4A76BFD22A24E98009E38DE /* PhotoCollectionRouter.swift */ = {isa = PBXFileReference; lastKnownFileType = sourcecode.swift; path = PhotoCollectionRouter.swift; sourceTree = "<group>"; };
		F4A76BFF22A24EAE009E38DE /* PhotoCollectionPresenter.swift */ = {isa = PBXFileReference; lastKnownFileType = sourcecode.swift; path = PhotoCollectionPresenter.swift; sourceTree = "<group>"; };
		F4A76C0122A24ECA009E38DE /* PhotoCollectionViewController.swift */ = {isa = PBXFileReference; lastKnownFileType = sourcecode.swift; path = PhotoCollectionViewController.swift; sourceTree = "<group>"; };
		F4A76C0422A251C8009E38DE /* DetailPhotoViewController.swift */ = {isa = PBXFileReference; lastKnownFileType = sourcecode.swift; path = DetailPhotoViewController.swift; sourceTree = "<group>"; };
		F4A76C0622A251DA009E38DE /* DetailPhotoPresenter.swift */ = {isa = PBXFileReference; lastKnownFileType = sourcecode.swift; path = DetailPhotoPresenter.swift; sourceTree = "<group>"; };
		F4A76C0822A251EE009E38DE /* DetailPhotoRouter.swift */ = {isa = PBXFileReference; lastKnownFileType = sourcecode.swift; path = DetailPhotoRouter.swift; sourceTree = "<group>"; };
		F4A76C0B22A2549F009E38DE /* KeyChainHelper.swift */ = {isa = PBXFileReference; lastKnownFileType = sourcecode.swift; path = KeyChainHelper.swift; sourceTree = "<group>"; };
		F4A76C0E22A25730009E38DE /* NetworkService.swift */ = {isa = PBXFileReference; lastKnownFileType = sourcecode.swift; path = NetworkService.swift; sourceTree = "<group>"; };
		F4A76C1022A26236009E38DE /* Error.swift */ = {isa = PBXFileReference; lastKnownFileType = sourcecode.swift; path = Error.swift; sourceTree = "<group>"; };
		F4A76C1422A26937009E38DE /* Endpoint.swift */ = {isa = PBXFileReference; lastKnownFileType = sourcecode.swift; path = Endpoint.swift; sourceTree = "<group>"; };
		F4A76C1922A27A75009E38DE /* Photo.swift */ = {isa = PBXFileReference; lastKnownFileType = sourcecode.swift; path = Photo.swift; sourceTree = "<group>"; };
		F4A76C1B22A27AF7009E38DE /* URLS.swift */ = {isa = PBXFileReference; lastKnownFileType = sourcecode.swift; path = URLS.swift; sourceTree = "<group>"; };
		F4A76C1D22A27B33009E38DE /* SearchObjc.swift */ = {isa = PBXFileReference; lastKnownFileType = sourcecode.swift; path = SearchObjc.swift; sourceTree = "<group>"; };
		F4A76C1F22A27B69009E38DE /* UnsplashApiService.swift */ = {isa = PBXFileReference; lastKnownFileType = sourcecode.swift; path = UnsplashApiService.swift; sourceTree = "<group>"; };
		F4A76C2122A27ED6009E38DE /* PhotoCollectionConfigurator.swift */ = {isa = PBXFileReference; lastKnownFileType = sourcecode.swift; path = PhotoCollectionConfigurator.swift; sourceTree = "<group>"; };
		F4A76C2622A2842F009E38DE /* CollectionViewCell.swift */ = {isa = PBXFileReference; lastKnownFileType = sourcecode.swift; path = CollectionViewCell.swift; sourceTree = "<group>"; };
		F4A76C2722A2842F009E38DE /* CollectionViewCell.xib */ = {isa = PBXFileReference; lastKnownFileType = file.xib; path = CollectionViewCell.xib; sourceTree = "<group>"; };
		F4A76C2A22A284AF009E38DE /* BWPImageView.swift */ = {isa = PBXFileReference; fileEncoding = 4; lastKnownFileType = sourcecode.swift; path = BWPImageView.swift; sourceTree = "<group>"; };
		F4A76C2B22A284AF009E38DE /* BWPImageCacheItem.swift */ = {isa = PBXFileReference; fileEncoding = 4; lastKnownFileType = sourcecode.swift; path = BWPImageCacheItem.swift; sourceTree = "<group>"; };
		F4A76C2E22A289AB009E38DE /* UIView.swift */ = {isa = PBXFileReference; lastKnownFileType = sourcecode.swift; path = UIView.swift; sourceTree = "<group>"; };
/* End PBXFileReference section */

/* Begin PBXFrameworksBuildPhase section */
		F4A76BCB22A23A70009E38DE /* Frameworks */ = {
			isa = PBXFrameworksBuildPhase;
			buildActionMask = 2147483647;
			files = (
				8C409EDC1308D5BC1D5F7E37 /* Pods_Splash.framework in Frameworks */,
			);
			runOnlyForDeploymentPostprocessing = 0;
		};
/* End PBXFrameworksBuildPhase section */

/* Begin PBXGroup section */
		38BFFBB601C5258092089902 /* Pods */ = {
			isa = PBXGroup;
			children = (
				5F20B48FC6DC922645900EB4 /* Pods-Splash.debug.xcconfig */,
				3AA1448C299A4A7443FE154E /* Pods-Splash.release.xcconfig */,
			);
			path = Pods;
			sourceTree = "<group>";
		};
		92BB47BC4296EC0D01234FCB /* Frameworks */ = {
			isa = PBXGroup;
			children = (
				5442F996A439263F371545E6 /* Pods_Splash.framework */,
			);
			name = Frameworks;
			sourceTree = "<group>";
		};
		F4A76BC522A23A70009E38DE = {
			isa = PBXGroup;
			children = (
				F4A76BD022A23A70009E38DE /* Splash */,
				F4A76BCF22A23A70009E38DE /* Products */,
				38BFFBB601C5258092089902 /* Pods */,
				92BB47BC4296EC0D01234FCB /* Frameworks */,
			);
			sourceTree = "<group>";
		};
		F4A76BCF22A23A70009E38DE /* Products */ = {
			isa = PBXGroup;
			children = (
				F4A76BCE22A23A70009E38DE /* Splash.app */,
			);
			name = Products;
			sourceTree = "<group>";
		};
		F4A76BD022A23A70009E38DE /* Splash */ = {
			isa = PBXGroup;
			children = (
				F4A76BD122A23A70009E38DE /* AppDelegate.swift */,
				F4A76BEF22A24240009E38DE /* Constants.swift */,
				F4A76BF622A246F5009E38DE /* UIIdentifier.swift */,
				F4A76C1822A27A5F009E38DE /* Models */,
				F4A76C0D22A25714009E38DE /* Network */,
				F4A76C0A22A2547F009E38DE /* Helpers */,
				F4A76BF822A24A14009E38DE /* Extensions */,
				F4A76BE622A24061009E38DE /* Architecture */,
				F4A76BF122A24250009E38DE /* Modules */,
				F4A76BD522A23A70009E38DE /* Main.storyboard */,
				F4A76BD822A23A73009E38DE /* Assets.xcassets */,
				F4A76BDA22A23A73009E38DE /* LaunchScreen.storyboard */,
				F4A76BDD22A23A73009E38DE /* Info.plist */,
			);
			path = Splash;
			sourceTree = "<group>";
		};
		F4A76BE622A24061009E38DE /* Architecture */ = {
			isa = PBXGroup;
			children = (
				F4A76BE722A24087009E38DE /* BaseConfigurator.swift */,
				F4A76BE922A24087009E38DE /* BasePresenter.swift */,
				F4A76BEA22A24087009E38DE /* BaseRouter.swift */,
				F4A76BE822A24087009E38DE /* BaseView.swift */,
			);
			path = Architecture;
			sourceTree = "<group>";
		};
		F4A76BF122A24250009E38DE /* Modules */ = {
			isa = PBXGroup;
			children = (
				F4A76BFB22A24E47009E38DE /* Splash */,
				F4A76BFC22A24E64009E38DE /* PhotoCollection */,
				F4A76C0322A2519D009E38DE /* DetailPhoto */,
			);
			path = Modules;
			sourceTree = "<group>";
		};
		F4A76BF822A24A14009E38DE /* Extensions */ = {
			isa = PBXGroup;
			children = (
				F4A76BF922A24A59009E38DE /* UIViewController.swift */,
				F4A76C2E22A289AB009E38DE /* UIView.swift */,
			);
			path = Extensions;
			sourceTree = "<group>";
		};
		F4A76BFB22A24E47009E38DE /* Splash */ = {
			isa = PBXGroup;
			children = (
				F4A76BD322A23A70009E38DE /* SplashViewController.swift */,
				F4A76BF222A242AA009E38DE /* SplashPresenter.swift */,
				F4A76BF422A24394009E38DE /* SplashRouter.swift */,
			);
			name = Splash;
			sourceTree = "<group>";
		};
		F4A76BFC22A24E64009E38DE /* PhotoCollection */ = {
			isa = PBXGroup;
			children = (
				F4A76C0122A24ECA009E38DE /* PhotoCollectionViewController.swift */,
				F4A76BFF22A24EAE009E38DE /* PhotoCollectionPresenter.swift */,
				F4A76C2122A27ED6009E38DE /* PhotoCollectionConfigurator.swift */,
				F4A76BFD22A24E98009E38DE /* PhotoCollectionRouter.swift */,
				F4A76C2322A283F5009E38DE /* Views */,
			);
			name = PhotoCollection;
			sourceTree = "<group>";
		};
		F4A76C0322A2519D009E38DE /* DetailPhoto */ = {
			isa = PBXGroup;
			children = (
				F4A76C0422A251C8009E38DE /* DetailPhotoViewController.swift */,
				F4A76C0622A251DA009E38DE /* DetailPhotoPresenter.swift */,
				F4A76C0822A251EE009E38DE /* DetailPhotoRouter.swift */,
			);
			name = DetailPhoto;
			sourceTree = "<group>";
		};
		F4A76C0A22A2547F009E38DE /* Helpers */ = {
			isa = PBXGroup;
			children = (
				F4A76C2B22A284AF009E38DE /* BWPImageCacheItem.swift */,
				F4A76C0B22A2549F009E38DE /* KeyChainHelper.swift */,
			);
			path = Helpers;
			sourceTree = "<group>";
		};
		F4A76C0D22A25714009E38DE /* Network */ = {
			isa = PBXGroup;
			children = (
				F4A76C0E22A25730009E38DE /* NetworkService.swift */,
				F4A76C1F22A27B69009E38DE /* UnsplashApiService.swift */,
				F4A76C1422A26937009E38DE /* Endpoint.swift */,
				F4A76C1022A26236009E38DE /* Error.swift */,
			);
			path = Network;
			sourceTree = "<group>";
		};
		F4A76C1822A27A5F009E38DE /* Models */ = {
			isa = PBXGroup;
			children = (
				F4A76C1922A27A75009E38DE /* Photo.swift */,
				F4A76C1B22A27AF7009E38DE /* URLS.swift */,
				F4A76C1D22A27B33009E38DE /* SearchObjc.swift */,
			);
			path = Models;
			sourceTree = "<group>";
		};
		F4A76C2322A283F5009E38DE /* Views */ = {
			isa = PBXGroup;
			children = (
				F4A76C2A22A284AF009E38DE /* BWPImageView.swift */,
				F4A76C2622A2842F009E38DE /* CollectionViewCell.swift */,
				F4A76C2722A2842F009E38DE /* CollectionViewCell.xib */,
			);
			name = Views;
			sourceTree = "<group>";
		};
/* End PBXGroup section */

/* Begin PBXNativeTarget section */
		F4A76BCD22A23A70009E38DE /* Splash */ = {
			isa = PBXNativeTarget;
			buildConfigurationList = F4A76BE022A23A73009E38DE /* Build configuration list for PBXNativeTarget "Splash" */;
			buildPhases = (
				509DC806D877F078674AC4B7 /* [CP] Check Pods Manifest.lock */,
				F4A76BCA22A23A70009E38DE /* Sources */,
				F4A76BCB22A23A70009E38DE /* Frameworks */,
				F4A76BCC22A23A70009E38DE /* Resources */,
				2C2AF859307465A6AEE38F6C /* [CP] Embed Pods Frameworks */,
			);
			buildRules = (
			);
			dependencies = (
			);
			name = Splash;
			productName = Splash;
			productReference = F4A76BCE22A23A70009E38DE /* Splash.app */;
			productType = "com.apple.product-type.application";
		};
/* End PBXNativeTarget section */

/* Begin PBXProject section */
		F4A76BC622A23A70009E38DE /* Project object */ = {
			isa = PBXProject;
			attributes = {
				LastSwiftUpdateCheck = 1020;
				LastUpgradeCheck = 1020;
				ORGANIZATIONNAME = "Артем Рябцев";
				TargetAttributes = {
					F4A76BCD22A23A70009E38DE = {
						CreatedOnToolsVersion = 10.2.1;
					};
				};
			};
			buildConfigurationList = F4A76BC922A23A70009E38DE /* Build configuration list for PBXProject "Splash" */;
			compatibilityVersion = "Xcode 9.3";
			developmentRegion = en;
			hasScannedForEncodings = 0;
			knownRegions = (
				en,
				Base,
			);
			mainGroup = F4A76BC522A23A70009E38DE;
			productRefGroup = F4A76BCF22A23A70009E38DE /* Products */;
			projectDirPath = "";
			projectRoot = "";
			targets = (
				F4A76BCD22A23A70009E38DE /* Splash */,
			);
		};
/* End PBXProject section */

/* Begin PBXResourcesBuildPhase section */
		F4A76BCC22A23A70009E38DE /* Resources */ = {
			isa = PBXResourcesBuildPhase;
			buildActionMask = 2147483647;
			files = (
				F4A76BDC22A23A73009E38DE /* LaunchScreen.storyboard in Resources */,
				F4A76BD922A23A73009E38DE /* Assets.xcassets in Resources */,
				F4A76C2922A2842F009E38DE /* CollectionViewCell.xib in Resources */,
				F4A76BD722A23A70009E38DE /* Main.storyboard in Resources */,
			);
			runOnlyForDeploymentPostprocessing = 0;
		};
/* End PBXResourcesBuildPhase section */

/* Begin PBXShellScriptBuildPhase section */
		2C2AF859307465A6AEE38F6C /* [CP] Embed Pods Frameworks */ = {
			isa = PBXShellScriptBuildPhase;
			buildActionMask = 2147483647;
			files = (
			);
			inputFileListPaths = (
				"${PODS_ROOT}/Target Support Files/Pods-Splash/Pods-Splash-frameworks-${CONFIGURATION}-input-files.xcfilelist",
			);
			name = "[CP] Embed Pods Frameworks";
			outputFileListPaths = (
				"${PODS_ROOT}/Target Support Files/Pods-Splash/Pods-Splash-frameworks-${CONFIGURATION}-output-files.xcfilelist",
			);
			runOnlyForDeploymentPostprocessing = 0;
			shellPath = /bin/sh;
			shellScript = "\"${PODS_ROOT}/Target Support Files/Pods-Splash/Pods-Splash-frameworks.sh\"\n";
			showEnvVarsInLog = 0;
		};
		509DC806D877F078674AC4B7 /* [CP] Check Pods Manifest.lock */ = {
			isa = PBXShellScriptBuildPhase;
			buildActionMask = 2147483647;
			files = (
			);
			inputFileListPaths = (
			);
			inputPaths = (
				"${PODS_PODFILE_DIR_PATH}/Podfile.lock",
				"${PODS_ROOT}/Manifest.lock",
			);
			name = "[CP] Check Pods Manifest.lock";
			outputFileListPaths = (
			);
			outputPaths = (
				"$(DERIVED_FILE_DIR)/Pods-Splash-checkManifestLockResult.txt",
			);
			runOnlyForDeploymentPostprocessing = 0;
			shellPath = /bin/sh;
			shellScript = "diff \"${PODS_PODFILE_DIR_PATH}/Podfile.lock\" \"${PODS_ROOT}/Manifest.lock\" > /dev/null\nif [ $? != 0 ] ; then\n    # print error to STDERR\n    echo \"error: The sandbox is not in sync with the Podfile.lock. Run 'pod install' or update your CocoaPods installation.\" >&2\n    exit 1\nfi\n# This output is used by Xcode 'outputs' to avoid re-running this script phase.\necho \"SUCCESS\" > \"${SCRIPT_OUTPUT_FILE_0}\"\n";
			showEnvVarsInLog = 0;
		};
/* End PBXShellScriptBuildPhase section */

/* Begin PBXSourcesBuildPhase section */
		F4A76BCA22A23A70009E38DE /* Sources */ = {
			isa = PBXSourcesBuildPhase;
			buildActionMask = 2147483647;
			files = (
				F4A76BEB22A24087009E38DE /* BaseConfigurator.swift in Sources */,
				F4A76BEE22A24087009E38DE /* BaseRouter.swift in Sources */,
				F4A76BED22A24087009E38DE /* BasePresenter.swift in Sources */,
				F4A76BFA22A24A59009E38DE /* UIViewController.swift in Sources */,
				F4A76BF322A242AA009E38DE /* SplashPresenter.swift in Sources */,
				F4A76BFE22A24E98009E38DE /* PhotoCollectionRouter.swift in Sources */,
				F4A76BF722A246F5009E38DE /* UIIdentifier.swift in Sources */,
				F4A76C2222A27ED6009E38DE /* PhotoCollectionConfigurator.swift in Sources */,
				F4A76C2C22A284AF009E38DE /* BWPImageView.swift in Sources */,
				F4A76C1E22A27B33009E38DE /* SearchObjc.swift in Sources */,
				F4A76C2F22A289AB009E38DE /* UIView.swift in Sources */,
				F4A76C1522A26937009E38DE /* Endpoint.swift in Sources */,
				F4A76BD422A23A70009E38DE /* SplashViewController.swift in Sources */,
				F4A76C1A22A27A75009E38DE /* Photo.swift in Sources */,
				F4A76C1122A26236009E38DE /* Error.swift in Sources */,
				F4A76C2022A27B69009E38DE /* UnsplashApiService.swift in Sources */,
				F4A76BF022A24240009E38DE /* Constants.swift in Sources */,
				F4A76C0C22A2549F009E38DE /* KeyChainHelper.swift in Sources */,
				F4A76C0222A24ECA009E38DE /* PhotoCollectionViewController.swift in Sources */,
				F4A76C1C22A27AF7009E38DE /* URLS.swift in Sources */,
				F4A76C0922A251EE009E38DE /* DetailPhotoRouter.swift in Sources */,
				F4A76C0722A251DA009E38DE /* DetailPhotoPresenter.swift in Sources */,
				F4A76C2822A2842F009E38DE /* CollectionViewCell.swift in Sources */,
				F4A76BD222A23A70009E38DE /* AppDelegate.swift in Sources */,
				F4A76BF522A24394009E38DE /* SplashRouter.swift in Sources */,
				F4A76C0F22A25730009E38DE /* NetworkService.swift in Sources */,
				F4A76C0522A251C8009E38DE /* DetailPhotoViewController.swift in Sources */,
				F4A76C2D22A284AF009E38DE /* BWPImageCacheItem.swift in Sources */,
				F4A76BEC22A24087009E38DE /* BaseView.swift in Sources */,
				F4A76C0022A24EAE009E38DE /* PhotoCollectionPresenter.swift in Sources */,
			);
			runOnlyForDeploymentPostprocessing = 0;
		};
/* End PBXSourcesBuildPhase section */

/* Begin PBXVariantGroup section */
		F4A76BD522A23A70009E38DE /* Main.storyboard */ = {
			isa = PBXVariantGroup;
			children = (
				F4A76BD622A23A70009E38DE /* Base */,
			);
			name = Main.storyboard;
			sourceTree = "<group>";
		};
		F4A76BDA22A23A73009E38DE /* LaunchScreen.storyboard */ = {
			isa = PBXVariantGroup;
			children = (
				F4A76BDB22A23A73009E38DE /* Base */,
			);
			name = LaunchScreen.storyboard;
			sourceTree = "<group>";
		};
/* End PBXVariantGroup section */

/* Begin XCBuildConfiguration section */
		F4A76BDE22A23A73009E38DE /* Debug */ = {
			isa = XCBuildConfiguration;
			buildSettings = {
				ALWAYS_SEARCH_USER_PATHS = NO;
				CLANG_ANALYZER_NONNULL = YES;
				CLANG_ANALYZER_NUMBER_OBJECT_CONVERSION = YES_AGGRESSIVE;
				CLANG_CXX_LANGUAGE_STANDARD = "gnu++14";
				CLANG_CXX_LIBRARY = "libc++";
				CLANG_ENABLE_MODULES = YES;
				CLANG_ENABLE_OBJC_ARC = YES;
				CLANG_ENABLE_OBJC_WEAK = YES;
				CLANG_WARN_BLOCK_CAPTURE_AUTORELEASING = YES;
				CLANG_WARN_BOOL_CONVERSION = YES;
				CLANG_WARN_COMMA = YES;
				CLANG_WARN_CONSTANT_CONVERSION = YES;
				CLANG_WARN_DEPRECATED_OBJC_IMPLEMENTATIONS = YES;
				CLANG_WARN_DIRECT_OBJC_ISA_USAGE = YES_ERROR;
				CLANG_WARN_DOCUMENTATION_COMMENTS = YES;
				CLANG_WARN_EMPTY_BODY = YES;
				CLANG_WARN_ENUM_CONVERSION = YES;
				CLANG_WARN_INFINITE_RECURSION = YES;
				CLANG_WARN_INT_CONVERSION = YES;
				CLANG_WARN_NON_LITERAL_NULL_CONVERSION = YES;
				CLANG_WARN_OBJC_IMPLICIT_RETAIN_SELF = YES;
				CLANG_WARN_OBJC_LITERAL_CONVERSION = YES;
				CLANG_WARN_OBJC_ROOT_CLASS = YES_ERROR;
				CLANG_WARN_RANGE_LOOP_ANALYSIS = YES;
				CLANG_WARN_STRICT_PROTOTYPES = YES;
				CLANG_WARN_SUSPICIOUS_MOVE = YES;
				CLANG_WARN_UNGUARDED_AVAILABILITY = YES_AGGRESSIVE;
				CLANG_WARN_UNREACHABLE_CODE = YES;
				CLANG_WARN__DUPLICATE_METHOD_MATCH = YES;
				CODE_SIGN_IDENTITY = "iPhone Developer";
				COPY_PHASE_STRIP = NO;
				DEBUG_INFORMATION_FORMAT = dwarf;
				ENABLE_STRICT_OBJC_MSGSEND = YES;
				ENABLE_TESTABILITY = YES;
				GCC_C_LANGUAGE_STANDARD = gnu11;
				GCC_DYNAMIC_NO_PIC = NO;
				GCC_NO_COMMON_BLOCKS = YES;
				GCC_OPTIMIZATION_LEVEL = 0;
				GCC_PREPROCESSOR_DEFINITIONS = (
					"DEBUG=1",
					"$(inherited)",
				);
				GCC_WARN_64_TO_32_BIT_CONVERSION = YES;
				GCC_WARN_ABOUT_RETURN_TYPE = YES_ERROR;
				GCC_WARN_UNDECLARED_SELECTOR = YES;
				GCC_WARN_UNINITIALIZED_AUTOS = YES_AGGRESSIVE;
				GCC_WARN_UNUSED_FUNCTION = YES;
				GCC_WARN_UNUSED_VARIABLE = YES;
				IPHONEOS_DEPLOYMENT_TARGET = 12.2;
				MTL_ENABLE_DEBUG_INFO = INCLUDE_SOURCE;
				MTL_FAST_MATH = YES;
				ONLY_ACTIVE_ARCH = YES;
				SDKROOT = iphoneos;
				SWIFT_ACTIVE_COMPILATION_CONDITIONS = DEBUG;
				SWIFT_OPTIMIZATION_LEVEL = "-Onone";
			};
			name = Debug;
		};
		F4A76BDF22A23A73009E38DE /* Release */ = {
			isa = XCBuildConfiguration;
			buildSettings = {
				ALWAYS_SEARCH_USER_PATHS = NO;
				CLANG_ANALYZER_NONNULL = YES;
				CLANG_ANALYZER_NUMBER_OBJECT_CONVERSION = YES_AGGRESSIVE;
				CLANG_CXX_LANGUAGE_STANDARD = "gnu++14";
				CLANG_CXX_LIBRARY = "libc++";
				CLANG_ENABLE_MODULES = YES;
				CLANG_ENABLE_OBJC_ARC = YES;
				CLANG_ENABLE_OBJC_WEAK = YES;
				CLANG_WARN_BLOCK_CAPTURE_AUTORELEASING = YES;
				CLANG_WARN_BOOL_CONVERSION = YES;
				CLANG_WARN_COMMA = YES;
				CLANG_WARN_CONSTANT_CONVERSION = YES;
				CLANG_WARN_DEPRECATED_OBJC_IMPLEMENTATIONS = YES;
				CLANG_WARN_DIRECT_OBJC_ISA_USAGE = YES_ERROR;
				CLANG_WARN_DOCUMENTATION_COMMENTS = YES;
				CLANG_WARN_EMPTY_BODY = YES;
				CLANG_WARN_ENUM_CONVERSION = YES;
				CLANG_WARN_INFINITE_RECURSION = YES;
				CLANG_WARN_INT_CONVERSION = YES;
				CLANG_WARN_NON_LITERAL_NULL_CONVERSION = YES;
				CLANG_WARN_OBJC_IMPLICIT_RETAIN_SELF = YES;
				CLANG_WARN_OBJC_LITERAL_CONVERSION = YES;
				CLANG_WARN_OBJC_ROOT_CLASS = YES_ERROR;
				CLANG_WARN_RANGE_LOOP_ANALYSIS = YES;
				CLANG_WARN_STRICT_PROTOTYPES = YES;
				CLANG_WARN_SUSPICIOUS_MOVE = YES;
				CLANG_WARN_UNGUARDED_AVAILABILITY = YES_AGGRESSIVE;
				CLANG_WARN_UNREACHABLE_CODE = YES;
				CLANG_WARN__DUPLICATE_METHOD_MATCH = YES;
				CODE_SIGN_IDENTITY = "iPhone Developer";
				COPY_PHASE_STRIP = NO;
				DEBUG_INFORMATION_FORMAT = "dwarf-with-dsym";
				ENABLE_NS_ASSERTIONS = NO;
				ENABLE_STRICT_OBJC_MSGSEND = YES;
				GCC_C_LANGUAGE_STANDARD = gnu11;
				GCC_NO_COMMON_BLOCKS = YES;
				GCC_WARN_64_TO_32_BIT_CONVERSION = YES;
				GCC_WARN_ABOUT_RETURN_TYPE = YES_ERROR;
				GCC_WARN_UNDECLARED_SELECTOR = YES;
				GCC_WARN_UNINITIALIZED_AUTOS = YES_AGGRESSIVE;
				GCC_WARN_UNUSED_FUNCTION = YES;
				GCC_WARN_UNUSED_VARIABLE = YES;
				IPHONEOS_DEPLOYMENT_TARGET = 12.2;
				MTL_ENABLE_DEBUG_INFO = NO;
				MTL_FAST_MATH = YES;
				SDKROOT = iphoneos;
				SWIFT_COMPILATION_MODE = wholemodule;
				SWIFT_OPTIMIZATION_LEVEL = "-O";
				VALIDATE_PRODUCT = YES;
			};
			name = Release;
		};
		F4A76BE122A23A73009E38DE /* Debug */ = {
			isa = XCBuildConfiguration;
			baseConfigurationReference = 5F20B48FC6DC922645900EB4 /* Pods-Splash.debug.xcconfig */;
			buildSettings = {
				ASSETCATALOG_COMPILER_APPICON_NAME = AppIcon;
				CODE_SIGN_STYLE = Automatic;
				DEVELOPMENT_TEAM = 52H37DL66Y;
				INFOPLIST_FILE = Splash/Info.plist;
				LD_RUNPATH_SEARCH_PATHS = (
					"$(inherited)",
					"@executable_path/Frameworks",
				);
				PRODUCT_BUNDLE_IDENTIFIER = ASRiabtsev.Splash;
				PRODUCT_NAME = "$(TARGET_NAME)";
				SWIFT_VERSION = 5.0;
				TARGETED_DEVICE_FAMILY = "1,2";
			};
			name = Debug;
		};
		F4A76BE222A23A73009E38DE /* Release */ = {
			isa = XCBuildConfiguration;
			baseConfigurationReference = 3AA1448C299A4A7443FE154E /* Pods-Splash.release.xcconfig */;
			buildSettings = {
				ASSETCATALOG_COMPILER_APPICON_NAME = AppIcon;
				CODE_SIGN_STYLE = Automatic;
				DEVELOPMENT_TEAM = 52H37DL66Y;
				INFOPLIST_FILE = Splash/Info.plist;
				LD_RUNPATH_SEARCH_PATHS = (
					"$(inherited)",
					"@executable_path/Frameworks",
				);
				PRODUCT_BUNDLE_IDENTIFIER = ASRiabtsev.Splash;
				PRODUCT_NAME = "$(TARGET_NAME)";
				SWIFT_VERSION = 5.0;
				TARGETED_DEVICE_FAMILY = "1,2";
			};
			name = Release;
		};
/* End XCBuildConfiguration section */

/* Begin XCConfigurationList section */
		F4A76BC922A23A70009E38DE /* Build configuration list for PBXProject "Splash" */ = {
			isa = XCConfigurationList;
			buildConfigurations = (
				F4A76BDE22A23A73009E38DE /* Debug */,
				F4A76BDF22A23A73009E38DE /* Release */,
			);
			defaultConfigurationIsVisible = 0;
			defaultConfigurationName = Release;
		};
		F4A76BE022A23A73009E38DE /* Build configuration list for PBXNativeTarget "Splash" */ = {
			isa = XCConfigurationList;
			buildConfigurations = (
				F4A76BE122A23A73009E38DE /* Debug */,
				F4A76BE222A23A73009E38DE /* Release */,
			);
			defaultConfigurationIsVisible = 0;
			defaultConfigurationName = Release;
		};
/* End XCConfigurationList section */
	};
	rootObject = F4A76BC622A23A70009E38DE /* Project object */;
}
